{
  "nodes": {
    "home-manager": {
      "inputs": {
        "nixpkgs": [
          "nixpkgs"
        ]
      },
      "locked": {
        "lastModified": 1747439237,
        "narHash": "sha256-5rCGrnkglKKj4cav1U3HC+SIUNJh08pqOK4spQv9RjA=",
        "owner": "nix-community",
        "repo": "home-manager",
        "rev": "ae755329092c87369b9e9a1510a8cf1ce2b1c708",
        "type": "github"
      },
      "original": {
        "owner": "nix-community",
        "repo": "home-manager",
        "type": "github"
      }
    },
    "nixpkgs": {
      "locked": {
        "lastModified": 1747335874,
        "narHash": "sha256-IKKIXTSYJMmUtE+Kav5Rob8SgLPnfnq4Qu8LyT4gdqQ=",
        "owner": "NixOS",
        "repo": "nixpkgs",
        "rev": "ba8b70ee098bc5654c459d6a95dfc498b91ff858",
        "type": "github"
      },
      "original": {
        "owner": "NixOS",
        "ref": "nixos-24.11",
        "repo": "nixpkgs",
        "type": "github"
      }
    },
    "nixpkgs-unstable": {
      "locked": {
        "lastModified": 1747327360,
        "narHash": "sha256-LSmTbiq/nqZR9B2t4MRnWG7cb0KVNU70dB7RT4+wYK4=",
        "owner": "NixOS",
        "repo": "nixpkgs",
        "rev": "e06158e58f3adee28b139e9c2bcfcc41f8625b46",
        "type": "github"
      },
      "original": {
        "owner": "NixOS",
        "ref": "nixos-unstable",
        "repo": "nixpkgs",
        "type": "github"
      }
    },
    "root": {
      "inputs": {
        "home-manager": "home-manager",
        "nixpkgs": "nixpkgs",
        "nixpkgs-unstable": "nixpkgs-unstable",
        "yazi-plugins": "yazi-plugins"
      }
    },
    "yazi-plugins": {
      "flake": false,
      "locked": {
        "lastModified": 1746940873,
        "narHash": "sha256-v/C+ZBrF1ghDt1SXpZcDELmHMVAqfr44iWxzUWynyRk=",
        "owner": "yazi-rs",
        "repo": "plugins",
        "rev": "55bf6996ada3df4cbad331ce3be0c1090769fc7c",
        "type": "github"
      },
      "original": {
        "owner": "yazi-rs",
        "repo": "plugins",
        "type": "github"
      }
    }
  },
  "root": "root",
  "version": 7
}
